
Microsoft Visual Studio Solution File, Format Version 12.00
# Visual Studio Version 16
VisualStudioVersion = 16.0.30717.126
MinimumVisualStudioVersion = 10.0.40219.1
Project("{FAE04EC0-301F-11D3-BF4B-00C04F79EFBC}") = "DelegatesAndEvents", "DelegatesAndEvents\DelegatesAndEvents.csproj", "{017A9D15-F597-4363-A9D5-233E22FEBFAD}"
EndProject
Global
	GlobalSection(SolutionConfigurationPlatforms) = preSolution
		Debug|Any CPU = Debug|Any CPU
		Release|Any CPU = Release|Any CPU
	EndGlobalSection
	GlobalSection(ProjectConfigurationPlatforms) = postSolution
		{017A9D15-F597-4363-A9D5-233E22FEBFAD}.Debug|Any CPU.ActiveCfg = Debug|Any CPU
		{017A9D15-F597-4363-A9D5-233E22FEBFAD}.Debug|Any CPU.Build.0 = Debug|Any CPU
		{017A9D15-F597-4363-A9D5-233E22FEBFAD}.Release|Any CPU.ActiveCfg = Release|Any CPU
		{017A9D15-F597-4363-A9D5-233E22FEBFAD}.Release|Any CPU.Build.0 = Release|Any CPU
	EndGlobalSection
	GlobalSection(SolutionProperties) = preSolution
		HideSolutionNode = FALSE
	EndGlobalSection
	GlobalSection(ExtensibilityGlobals) = postSolution
		SolutionGuid = {58F67088-DBC6-44B7-96FC-8C9D7EAACFC4}
	EndGlobalSection
EndGlobal
